PODS:
  - AppAuth (1.4.0):
    - AppAuth/Core (= 1.4.0)
    - AppAuth/ExternalUserAgent (= 1.4.0)
  - AppAuth/Core (1.4.0)
  - AppAuth/ExternalUserAgent (1.4.0)
  - ISO8601DateFormatter (0.8)
  - MyCloudHomeSDKObjc (1.0.2):
    - AppAuth
    - ISO8601DateFormatter

DEPENDENCIES:
  - MyCloudHomeSDKObjc (~> 1.0.2)

SPEC REPOS:
  trunk:
    - AppAuth
    - ISO8601DateFormatter
    - MyCloudHomeSDKObjc

SPEC CHECKSUMS:
  AppAuth: 31bcec809a638d7bd2f86ea8a52bd45f6e81e7c7
  ISO8601DateFormatter: 4551b6ce4f83185425f583b0b3feb3c7b59b942c
  MyCloudHomeSDKObjc: 03e2326798ec2a0af889ab17ae33b60a5782fe02

PODFILE CHECKSUM: cf5da721e11f2c2c0ed47395f796fbf7693879fc

COCOAPODS: 1.8.4
