PODS:
  - AppAuth (1.4.0):
    - AppAuth/Core (= 1.4.0)
    - AppAuth/ExternalUserAgent (= 1.4.0)
  - AppAuth/Core (1.4.0)
  - AppAuth/ExternalUserAgent (1.4.0)
  - ISO8601DateFormatter (0.8)
  - MyCloudHomeSDKObjc (1.0.1):
    - AppAuth
    - ISO8601DateFormatter

DEPENDENCIES:
  - MyCloudHomeSDKObjc (from `https://github.com/leshkoapps/MyCloudHomeSDKObjc.git`, commit `4e900d10ddb0553d3191d1cf0069578bd9b09049`)

SPEC REPOS:
  trunk:
    - AppAuth
    - ISO8601DateFormatter

EXTERNAL SOURCES:
  MyCloudHomeSDKObjc:
    :commit: 4e900d10ddb0553d3191d1cf0069578bd9b09049
    :git: https://github.com/leshkoapps/MyCloudHomeSDKObjc.git

CHECKOUT OPTIONS:
  MyCloudHomeSDKObjc:
    :commit: 4e900d10ddb0553d3191d1cf0069578bd9b09049
    :git: https://github.com/leshkoapps/MyCloudHomeSDKObjc.git

SPEC CHECKSUMS:
  AppAuth: 31bcec809a638d7bd2f86ea8a52bd45f6e81e7c7
  ISO8601DateFormatter: 4551b6ce4f83185425f583b0b3feb3c7b59b942c
  MyCloudHomeSDKObjc: 7bc9eeeb77fe503876aa66861ef058b93ba7c2c8

PODFILE CHECKSUM: f7fc2b7b1905a37dc420737e506e1ba57c90f582

COCOAPODS: 1.8.4
